
Microsoft Visual Studio Solution File, Format Version 12.00
# Visual Studio Version 16
VisualStudioVersion = 16.0.28922.388
MinimumVisualStudioVersion = 10.0.40219.1
Project("{FAE04EC0-301F-11D3-BF4B-00C04F79EFBC}") = "InventorySystem", "InventorySystem\InventorySystem.csproj", "{C115BBE8-46EF-4C4C-A37B-A30FD44D6391}"
EndProject
Project("{FAE04EC0-301F-11D3-BF4B-00C04F79EFBC}") = "InventorySystem.Test", "InventorySystem.Test\InventorySystem.Test.csproj", "{165840A8-F937-41EE-849E-85306F071CBC}"
EndProject
Project("{FAE04EC0-301F-11D3-BF4B-00C04F79EFBC}") = "Models", "Models\Models.csproj", "{494ACE78-D516-46B1-9413-E0484CBD55C1}"
EndProject
Project("{FAE04EC0-301F-11D3-BF4B-00C04F79EFBC}") = "Runner", "Runner\Runner.csproj", "{FC48D101-4F4D-4DA9-979B-33875121DD17}"
EndProject
Global
	GlobalSection(SolutionConfigurationPlatforms) = preSolution
		Debug|Any CPU = Debug|Any CPU
		Release|Any CPU = Release|Any CPU
	EndGlobalSection
	GlobalSection(ProjectConfigurationPlatforms) = postSolution
		{C115BBE8-46EF-4C4C-A37B-A30FD44D6391}.Debug|Any CPU.ActiveCfg = Debug|Any CPU
		{C115BBE8-46EF-4C4C-A37B-A30FD44D6391}.Debug|Any CPU.Build.0 = Debug|Any CPU
		{C115BBE8-46EF-4C4C-A37B-A30FD44D6391}.Release|Any CPU.ActiveCfg = Release|Any CPU
		{C115BBE8-46EF-4C4C-A37B-A30FD44D6391}.Release|Any CPU.Build.0 = Release|Any CPU
		{165840A8-F937-41EE-849E-85306F071CBC}.Debug|Any CPU.ActiveCfg = Debug|Any CPU
		{165840A8-F937-41EE-849E-85306F071CBC}.Debug|Any CPU.Build.0 = Debug|Any CPU
		{165840A8-F937-41EE-849E-85306F071CBC}.Release|Any CPU.ActiveCfg = Release|Any CPU
		{165840A8-F937-41EE-849E-85306F071CBC}.Release|Any CPU.Build.0 = Release|Any CPU
		{494ACE78-D516-46B1-9413-E0484CBD55C1}.Debug|Any CPU.ActiveCfg = Debug|Any CPU
		{494ACE78-D516-46B1-9413-E0484CBD55C1}.Debug|Any CPU.Build.0 = Debug|Any CPU
		{494ACE78-D516-46B1-9413-E0484CBD55C1}.Release|Any CPU.ActiveCfg = Release|Any CPU
		{494ACE78-D516-46B1-9413-E0484CBD55C1}.Release|Any CPU.Build.0 = Release|Any CPU
		{FC48D101-4F4D-4DA9-979B-33875121DD17}.Debug|Any CPU.ActiveCfg = Debug|Any CPU
		{FC48D101-4F4D-4DA9-979B-33875121DD17}.Debug|Any CPU.Build.0 = Debug|Any CPU
		{FC48D101-4F4D-4DA9-979B-33875121DD17}.Release|Any CPU.ActiveCfg = Release|Any CPU
		{FC48D101-4F4D-4DA9-979B-33875121DD17}.Release|Any CPU.Build.0 = Release|Any CPU
	EndGlobalSection
	GlobalSection(SolutionProperties) = preSolution
		HideSolutionNode = FALSE
	EndGlobalSection
	GlobalSection(ExtensibilityGlobals) = postSolution
		SolutionGuid = {168C1544-0822-449A-92B6-B1187FA5704D}
	EndGlobalSection
EndGlobal
